// !$*UTF8*$!
{
	archiveVersion = 1;
	classes = {
	};
	objectVersion = 55;
	objects = {

/* Begin PBXBuildFile section */
		BC78225D28DEF36F001E799D /* InputView.swift in Sources */ = {isa = PBXBuildFile; fileRef = BC78225C28DEF36F001E799D /* InputView.swift */; };
		BC78225F28DEF575001E799D /* TogglableUIButtonView.swift in Sources */ = {isa = PBXBuildFile; fileRef = BC78225E28DEF575001E799D /* TogglableUIButtonView.swift */; };
		BC78226728DF025E001E799D /* KeyboardViewController.swift in Sources */ = {isa = PBXBuildFile; fileRef = BC78226628DF025E001E799D /* KeyboardViewController.swift */; };
		BC78226B28DF025E001E799D /* fughczfibu.appex in Embed App Extensions */ = {isa = PBXBuildFile; fileRef = BC78226428DF025E001E799D /* fughczfibu.appex */; settings = {ATTRIBUTES = (RemoveHeadersOnCopy, ); }; };
		BC78226F28DF126A001E799D /* TogglableUIButtonView.swift in Sources */ = {isa = PBXBuildFile; fileRef = BC78225E28DEF575001E799D /* TogglableUIButtonView.swift */; };
		BC78227028DF126B001E799D /* TogglableUIButtonView.swift in Sources */ = {isa = PBXBuildFile; fileRef = BC78225E28DEF575001E799D /* TogglableUIButtonView.swift */; };
		BC8A91BC28D627DC008B7ADA /* Colors.swift in Sources */ = {isa = PBXBuildFile; fileRef = BC8A91BB28D627DC008B7ADA /* Colors.swift */; };
		BC8A91BE28D644A6008B7ADA /* Globals.swift in Sources */ = {isa = PBXBuildFile; fileRef = BC8A91BD28D644A6008B7ADA /* Globals.swift */; };
		BC8A91C428D71E78008B7ADA /* KeyView.swift in Sources */ = {isa = PBXBuildFile; fileRef = BC8A91C328D71E78008B7ADA /* KeyView.swift */; };
		BC8A91C628D723FE008B7ADA /* KeyboardRow.swift in Sources */ = {isa = PBXBuildFile; fileRef = BC8A91C528D723FE008B7ADA /* KeyboardRow.swift */; };
		BC8A91C828D8F761008B7ADA /* Layouts.swift in Sources */ = {isa = PBXBuildFile; fileRef = BC8A91C728D8F761008B7ADA /* Layouts.swift */; };
		BC8A91CB28D8FAF8008B7ADA /* Callback.swift in Sources */ = {isa = PBXBuildFile; fileRef = BC8A91CA28D8FAF8008B7ADA /* Callback.swift */; };
		BC8A91CD28D8FCAA008B7ADA /* KeyboardDelegate.swift in Sources */ = {isa = PBXBuildFile; fileRef = BC8A91CC28D8FCAA008B7ADA /* KeyboardDelegate.swift */; };
		BC8A91D028D8FE87008B7ADA /* InsertTextCallback.swift in Sources */ = {isa = PBXBuildFile; fileRef = BC8A91CF28D8FE87008B7ADA /* InsertTextCallback.swift */; };
		BC8A91DA28DB8693008B7ADA /* KeyboardViewController.swift in Sources */ = {isa = PBXBuildFile; fileRef = BC8A91D928DB8693008B7ADA /* KeyboardViewController.swift */; };
		BC8A91DE28DB8693008B7ADA /* debug.appex in Embed App Extensions */ = {isa = PBXBuildFile; fileRef = BC8A91D728DB8693008B7ADA /* debug.appex */; settings = {ATTRIBUTES = (RemoveHeadersOnCopy, ); }; };
		BC8A91E228DB8726008B7ADA /* Callback.swift in Sources */ = {isa = PBXBuildFile; fileRef = BC8A91CA28D8FAF8008B7ADA /* Callback.swift */; };
		BC8A91E328DB8726008B7ADA /* KeyboardDelegate.swift in Sources */ = {isa = PBXBuildFile; fileRef = BC8A91CC28D8FCAA008B7ADA /* KeyboardDelegate.swift */; };
		BC8A91E428DB8726008B7ADA /* Globals.swift in Sources */ = {isa = PBXBuildFile; fileRef = BC8A91BD28D644A6008B7ADA /* Globals.swift */; };
		BC8A91E528DB8726008B7ADA /* KeyboardRow.swift in Sources */ = {isa = PBXBuildFile; fileRef = BC8A91C528D723FE008B7ADA /* KeyboardRow.swift */; };
		BC8A91E628DB8726008B7ADA /* Colors.swift in Sources */ = {isa = PBXBuildFile; fileRef = BC8A91BB28D627DC008B7ADA /* Colors.swift */; };
		BC8A91E728DB8726008B7ADA /* KeyboardView.swift in Sources */ = {isa = PBXBuildFile; fileRef = BC9A8AC32873705D006C2597 /* KeyboardView.swift */; };
		BC8A91E828DB8726008B7ADA /* Layouts.swift in Sources */ = {isa = PBXBuildFile; fileRef = BC8A91C728D8F761008B7ADA /* Layouts.swift */; };
		BC8A91E928DB8726008B7ADA /* InsertTextCallback.swift in Sources */ = {isa = PBXBuildFile; fileRef = BC8A91CF28D8FE87008B7ADA /* InsertTextCallback.swift */; };
		BC8A91EA28DB8726008B7ADA /* KeyView.swift in Sources */ = {isa = PBXBuildFile; fileRef = BC8A91C328D71E78008B7ADA /* KeyView.swift */; };
		BC8A91F428DBA931008B7ADA /* KeyboardViewController.swift in Sources */ = {isa = PBXBuildFile; fileRef = BC8A91F328DBA931008B7ADA /* KeyboardViewController.swift */; };
		BC8A91F828DBA931008B7ADA /* complement.appex in Embed App Extensions */ = {isa = PBXBuildFile; fileRef = BC8A91F128DBA931008B7ADA /* complement.appex */; settings = {ATTRIBUTES = (RemoveHeadersOnCopy, ); }; };
		BC8A91FC28DBA941008B7ADA /* KeyView.swift in Sources */ = {isa = PBXBuildFile; fileRef = BC8A91C328D71E78008B7ADA /* KeyView.swift */; };
		BC8A91FD28DBA941008B7ADA /* Globals.swift in Sources */ = {isa = PBXBuildFile; fileRef = BC8A91BD28D644A6008B7ADA /* Globals.swift */; };
		BC8A91FE28DBA941008B7ADA /* KeyboardDelegate.swift in Sources */ = {isa = PBXBuildFile; fileRef = BC8A91CC28D8FCAA008B7ADA /* KeyboardDelegate.swift */; };
		BC8A91FF28DBA941008B7ADA /* Callback.swift in Sources */ = {isa = PBXBuildFile; fileRef = BC8A91CA28D8FAF8008B7ADA /* Callback.swift */; };
		BC8A920028DBA941008B7ADA /* KeyboardView.swift in Sources */ = {isa = PBXBuildFile; fileRef = BC9A8AC32873705D006C2597 /* KeyboardView.swift */; };
		BC8A920128DBA941008B7ADA /* Colors.swift in Sources */ = {isa = PBXBuildFile; fileRef = BC8A91BB28D627DC008B7ADA /* Colors.swift */; };
		BC8A920228DBA941008B7ADA /* KeyboardRow.swift in Sources */ = {isa = PBXBuildFile; fileRef = BC8A91C528D723FE008B7ADA /* KeyboardRow.swift */; };
		BC8A920328DBA941008B7ADA /* InsertTextCallback.swift in Sources */ = {isa = PBXBuildFile; fileRef = BC8A91CF28D8FE87008B7ADA /* InsertTextCallback.swift */; };
		BC8A920428DBA941008B7ADA /* Layouts.swift in Sources */ = {isa = PBXBuildFile; fileRef = BC8A91C728D8F761008B7ADA /* Layouts.swift */; };
		BC9A8AC42873705D006C2597 /* KeyboardView.swift in Sources */ = {isa = PBXBuildFile; fileRef = BC9A8AC32873705D006C2597 /* KeyboardView.swift */; };
		BCC89AE828704051003830F1 /* AncientGreekApp.swift in Sources */ = {isa = PBXBuildFile; fileRef = BCC89AE728704051003830F1 /* AncientGreekApp.swift */; };
		BCC89AEA28704051003830F1 /* ContentView.swift in Sources */ = {isa = PBXBuildFile; fileRef = BCC89AE928704051003830F1 /* ContentView.swift */; };
		BCC89AEC28704052003830F1 /* Assets.xcassets in Resources */ = {isa = PBXBuildFile; fileRef = BCC89AEB28704052003830F1 /* Assets.xcassets */; };
		BCC89AEF28704052003830F1 /* Preview Assets.xcassets in Resources */ = {isa = PBXBuildFile; fileRef = BCC89AEE28704052003830F1 /* Preview Assets.xcassets */; };
/* End PBXBuildFile section */

/* Begin PBXContainerItemProxy section */
		BC78226928DF025E001E799D /* PBXContainerItemProxy */ = {
			isa = PBXContainerItemProxy;
			containerPortal = BCC89ADC28704051003830F1 /* Project object */;
			proxyType = 1;
			remoteGlobalIDString = BC78226328DF025E001E799D;
			remoteInfo = fughczfibu;
		};
		BC8A91DC28DB8693008B7ADA /* PBXContainerItemProxy */ = {
			isa = PBXContainerItemProxy;
			containerPortal = BCC89ADC28704051003830F1 /* Project object */;
			proxyType = 1;
			remoteGlobalIDString = BC8A91D628DB8693008B7ADA;
			remoteInfo = debug;
		};
		BC8A91F628DBA931008B7ADA /* PBXContainerItemProxy */ = {
			isa = PBXContainerItemProxy;
			containerPortal = BCC89ADC28704051003830F1 /* Project object */;
			proxyType = 1;
			remoteGlobalIDString = BC8A91F028DBA931008B7ADA;
			remoteInfo = complement;
		};
/* End PBXContainerItemProxy section */

/* Begin PBXCopyFilesBuildPhase section */
		BCC89B20287043B5003830F1 /* Embed App Extensions */ = {
			isa = PBXCopyFilesBuildPhase;
			buildActionMask = 2147483647;
			dstPath = "";
			dstSubfolderSpec = 13;
			files = (
				BC8A91F828DBA931008B7ADA /* complement.appex in Embed App Extensions */,
				BC8A91DE28DB8693008B7ADA /* debug.appex in Embed App Extensions */,
				BC78226B28DF025E001E799D /* fughczfibu.appex in Embed App Extensions */,
			);
			name = "Embed App Extensions";
			runOnlyForDeploymentPostprocessing = 0;
		};
/* End PBXCopyFilesBuildPhase section */

/* Begin PBXFileReference section */
		BC78225C28DEF36F001E799D /* InputView.swift */ = {isa = PBXFileReference; lastKnownFileType = sourcecode.swift; path = InputView.swift; sourceTree = "<group>"; };
		BC78225E28DEF575001E799D /* TogglableUIButtonView.swift */ = {isa = PBXFileReference; lastKnownFileType = sourcecode.swift; path = TogglableUIButtonView.swift; sourceTree = "<group>"; };
		BC78226428DF025E001E799D /* fughczfibu.appex */ = {isa = PBXFileReference; explicitFileType = "wrapper.app-extension"; includeInIndex = 0; path = fughczfibu.appex; sourceTree = BUILT_PRODUCTS_DIR; };
		BC78226628DF025E001E799D /* KeyboardViewController.swift */ = {isa = PBXFileReference; lastKnownFileType = sourcecode.swift; path = KeyboardViewController.swift; sourceTree = "<group>"; };
		BC78226828DF025E001E799D /* Info.plist */ = {isa = PBXFileReference; lastKnownFileType = text.plist.xml; path = Info.plist; sourceTree = "<group>"; };
		BC8A91BB28D627DC008B7ADA /* Colors.swift */ = {isa = PBXFileReference; lastKnownFileType = sourcecode.swift; path = Colors.swift; sourceTree = "<group>"; };
		BC8A91BD28D644A6008B7ADA /* Globals.swift */ = {isa = PBXFileReference; lastKnownFileType = sourcecode.swift; path = Globals.swift; sourceTree = "<group>"; };
		BC8A91C328D71E78008B7ADA /* KeyView.swift */ = {isa = PBXFileReference; lastKnownFileType = sourcecode.swift; path = KeyView.swift; sourceTree = "<group>"; };
		BC8A91C528D723FE008B7ADA /* KeyboardRow.swift */ = {isa = PBXFileReference; lastKnownFileType = sourcecode.swift; path = KeyboardRow.swift; sourceTree = "<group>"; };
		BC8A91C728D8F761008B7ADA /* Layouts.swift */ = {isa = PBXFileReference; lastKnownFileType = sourcecode.swift; path = Layouts.swift; sourceTree = "<group>"; };
		BC8A91CA28D8FAF8008B7ADA /* Callback.swift */ = {isa = PBXFileReference; lastKnownFileType = sourcecode.swift; path = Callback.swift; sourceTree = "<group>"; };
		BC8A91CC28D8FCAA008B7ADA /* KeyboardDelegate.swift */ = {isa = PBXFileReference; lastKnownFileType = sourcecode.swift; path = KeyboardDelegate.swift; sourceTree = "<group>"; };
		BC8A91CF28D8FE87008B7ADA /* InsertTextCallback.swift */ = {isa = PBXFileReference; lastKnownFileType = sourcecode.swift; path = InsertTextCallback.swift; sourceTree = "<group>"; };
		BC8A91D728DB8693008B7ADA /* debug.appex */ = {isa = PBXFileReference; explicitFileType = "wrapper.app-extension"; includeInIndex = 0; path = debug.appex; sourceTree = BUILT_PRODUCTS_DIR; };
		BC8A91D928DB8693008B7ADA /* KeyboardViewController.swift */ = {isa = PBXFileReference; lastKnownFileType = sourcecode.swift; path = KeyboardViewController.swift; sourceTree = "<group>"; };
		BC8A91DB28DB8693008B7ADA /* Info.plist */ = {isa = PBXFileReference; lastKnownFileType = text.plist.xml; path = Info.plist; sourceTree = "<group>"; };
		BC8A91F128DBA931008B7ADA /* complement.appex */ = {isa = PBXFileReference; explicitFileType = "wrapper.app-extension"; includeInIndex = 0; path = complement.appex; sourceTree = BUILT_PRODUCTS_DIR; };
		BC8A91F328DBA931008B7ADA /* KeyboardViewController.swift */ = {isa = PBXFileReference; lastKnownFileType = sourcecode.swift; path = KeyboardViewController.swift; sourceTree = "<group>"; };
		BC8A91F528DBA931008B7ADA /* Info.plist */ = {isa = PBXFileReference; lastKnownFileType = text.plist.xml; path = Info.plist; sourceTree = "<group>"; };
		BC9A8AC32873705D006C2597 /* KeyboardView.swift */ = {isa = PBXFileReference; lastKnownFileType = sourcecode.swift; path = KeyboardView.swift; sourceTree = "<group>"; };
		BCC89AE428704051003830F1 /* Ancient Greek.app */ = {isa = PBXFileReference; explicitFileType = wrapper.application; includeInIndex = 0; path = "Ancient Greek.app"; sourceTree = BUILT_PRODUCTS_DIR; };
		BCC89AE728704051003830F1 /* AncientGreekApp.swift */ = {isa = PBXFileReference; lastKnownFileType = sourcecode.swift; path = AncientGreekApp.swift; sourceTree = "<group>"; };
		BCC89AE928704051003830F1 /* ContentView.swift */ = {isa = PBXFileReference; lastKnownFileType = sourcecode.swift; path = ContentView.swift; sourceTree = "<group>"; };
		BCC89AEB28704052003830F1 /* Assets.xcassets */ = {isa = PBXFileReference; lastKnownFileType = folder.assetcatalog; path = Assets.xcassets; sourceTree = "<group>"; };
		BCC89AEE28704052003830F1 /* Preview Assets.xcassets */ = {isa = PBXFileReference; lastKnownFileType = folder.assetcatalog; path = "Preview Assets.xcassets"; sourceTree = "<group>"; };
/* End PBXFileReference section */

/* Begin PBXFrameworksBuildPhase section */
		BC78226128DF025E001E799D /* Frameworks */ = {
			isa = PBXFrameworksBuildPhase;
			buildActionMask = 2147483647;
			files = (
			);
			runOnlyForDeploymentPostprocessing = 0;
		};
		BC8A91D428DB8693008B7ADA /* Frameworks */ = {
			isa = PBXFrameworksBuildPhase;
			buildActionMask = 2147483647;
			files = (
			);
			runOnlyForDeploymentPostprocessing = 0;
		};
		BC8A91EE28DBA931008B7ADA /* Frameworks */ = {
			isa = PBXFrameworksBuildPhase;
			buildActionMask = 2147483647;
			files = (
			);
			runOnlyForDeploymentPostprocessing = 0;
		};
		BCC89AE128704051003830F1 /* Frameworks */ = {
			isa = PBXFrameworksBuildPhase;
			buildActionMask = 2147483647;
			files = (
			);
			runOnlyForDeploymentPostprocessing = 0;
		};
/* End PBXFrameworksBuildPhase section */

/* Begin PBXGroup section */
		BC78226528DF025E001E799D /* fughczfibu */ = {
			isa = PBXGroup;
			children = (
				BC78226628DF025E001E799D /* KeyboardViewController.swift */,
				BC78226828DF025E001E799D /* Info.plist */,
			);
			path = fughczfibu;
			sourceTree = "<group>";
		};
		BC8A91BA28D627C5008B7ADA /* Constants */ = {
			isa = PBXGroup;
			children = (
				BC8A91BB28D627DC008B7ADA /* Colors.swift */,
				BC8A91BD28D644A6008B7ADA /* Globals.swift */,
				BC8A91C728D8F761008B7ADA /* Layouts.swift */,
			);
			path = Constants;
			sourceTree = "<group>";
		};
		BC8A91C928D8FAEA008B7ADA /* Protocols */ = {
			isa = PBXGroup;
			children = (
				BC8A91CA28D8FAF8008B7ADA /* Callback.swift */,
				BC8A91CC28D8FCAA008B7ADA /* KeyboardDelegate.swift */,
			);
			path = Protocols;
			sourceTree = "<group>";
		};
		BC8A91CE28D8FD78008B7ADA /* Callbacks */ = {
			isa = PBXGroup;
			children = (
				BC8A91CF28D8FE87008B7ADA /* InsertTextCallback.swift */,
			);
			path = Callbacks;
			sourceTree = "<group>";
		};
		BC8A91D828DB8693008B7ADA /* debug */ = {
			isa = PBXGroup;
			children = (
				BC8A91D928DB8693008B7ADA /* KeyboardViewController.swift */,
				BC8A91DB28DB8693008B7ADA /* Info.plist */,
			);
			path = debug;
			sourceTree = "<group>";
		};
		BC8A91F228DBA931008B7ADA /* complement */ = {
			isa = PBXGroup;
			children = (
				BC8A91F328DBA931008B7ADA /* KeyboardViewController.swift */,
				BC8A91F528DBA931008B7ADA /* Info.plist */,
			);
			path = complement;
			sourceTree = "<group>";
		};
		BC9A8ABF28736E59006C2597 /* View */ = {
			isa = PBXGroup;
			children = (
				BC8A91C328D71E78008B7ADA /* KeyView.swift */,
				BC8A91C528D723FE008B7ADA /* KeyboardRow.swift */,
				BC9A8AC32873705D006C2597 /* KeyboardView.swift */,
				BC78225E28DEF575001E799D /* TogglableUIButtonView.swift */,
				BC78225C28DEF36F001E799D /* InputView.swift */,
			);
			path = View;
			sourceTree = "<group>";
		};
		BCC89ADB28704051003830F1 = {
			isa = PBXGroup;
			children = (
				BCC89AE628704051003830F1 /* Ancient Greek */,
				BC8A91D828DB8693008B7ADA /* debug */,
				BC8A91F228DBA931008B7ADA /* complement */,
				BC78226528DF025E001E799D /* fughczfibu */,
				BCC89AE528704051003830F1 /* Products */,
			);
			sourceTree = "<group>";
		};
		BCC89AE528704051003830F1 /* Products */ = {
			isa = PBXGroup;
			children = (
				BCC89AE428704051003830F1 /* Ancient Greek.app */,
				BC8A91D728DB8693008B7ADA /* debug.appex */,
				BC8A91F128DBA931008B7ADA /* complement.appex */,
				BC78226428DF025E001E799D /* fughczfibu.appex */,
			);
			name = Products;
			sourceTree = "<group>";
		};
		BCC89AE628704051003830F1 /* Ancient Greek */ = {
			isa = PBXGroup;
			children = (
				BC8A91CE28D8FD78008B7ADA /* Callbacks */,
				BC8A91C928D8FAEA008B7ADA /* Protocols */,
				BC8A91BA28D627C5008B7ADA /* Constants */,
				BC9A8ABF28736E59006C2597 /* View */,
				BCC89AE728704051003830F1 /* AncientGreekApp.swift */,
				BCC89AE928704051003830F1 /* ContentView.swift */,
				BCC89AEB28704052003830F1 /* Assets.xcassets */,
				BCC89AED28704052003830F1 /* Preview Content */,
			);
			path = "Ancient Greek";
			sourceTree = "<group>";
		};
		BCC89AED28704052003830F1 /* Preview Content */ = {
			isa = PBXGroup;
			children = (
				BCC89AEE28704052003830F1 /* Preview Assets.xcassets */,
			);
			path = "Preview Content";
			sourceTree = "<group>";
		};
/* End PBXGroup section */

/* Begin PBXNativeTarget section */
		BC78226328DF025E001E799D /* fughczfibu */ = {
			isa = PBXNativeTarget;
			buildConfigurationList = BC78226C28DF025E001E799D /* Build configuration list for PBXNativeTarget "fughczfibu" */;
			buildPhases = (
				BC78226028DF025E001E799D /* Sources */,
				BC78226128DF025E001E799D /* Frameworks */,
				BC78226228DF025E001E799D /* Resources */,
			);
			buildRules = (
			);
			dependencies = (
			);
			name = fughczfibu;
			productName = fughczfibu;
			productReference = BC78226428DF025E001E799D /* fughczfibu.appex */;
			productType = "com.apple.product-type.app-extension";
		};
		BC8A91D628DB8693008B7ADA /* debug */ = {
			isa = PBXNativeTarget;
			buildConfigurationList = BC8A91DF28DB8693008B7ADA /* Build configuration list for PBXNativeTarget "debug" */;
			buildPhases = (
				BC8A91D328DB8693008B7ADA /* Sources */,
				BC8A91D428DB8693008B7ADA /* Frameworks */,
				BC8A91D528DB8693008B7ADA /* Resources */,
			);
			buildRules = (
			);
			dependencies = (
			);
			name = debug;
			productName = debug;
			productReference = BC8A91D728DB8693008B7ADA /* debug.appex */;
			productType = "com.apple.product-type.app-extension";
		};
		BC8A91F028DBA931008B7ADA /* complement */ = {
			isa = PBXNativeTarget;
			buildConfigurationList = BC8A91F928DBA931008B7ADA /* Build configuration list for PBXNativeTarget "complement" */;
			buildPhases = (
				BC8A91ED28DBA931008B7ADA /* Sources */,
				BC8A91EE28DBA931008B7ADA /* Frameworks */,
				BC8A91EF28DBA931008B7ADA /* Resources */,
			);
			buildRules = (
			);
			dependencies = (
			);
			name = complement;
			productName = complement;
			productReference = BC8A91F128DBA931008B7ADA /* complement.appex */;
			productType = "com.apple.product-type.app-extension";
		};
		BCC89AE328704051003830F1 /* Ancient Greek */ = {
			isa = PBXNativeTarget;
			buildConfigurationList = BCC89B0828704053003830F1 /* Build configuration list for PBXNativeTarget "Ancient Greek" */;
			buildPhases = (
				BCC89AE028704051003830F1 /* Sources */,
				BCC89AE128704051003830F1 /* Frameworks */,
				BCC89AE228704051003830F1 /* Resources */,
				BCC89B20287043B5003830F1 /* Embed App Extensions */,
			);
			buildRules = (
			);
			dependencies = (
				BC8A91DD28DB8693008B7ADA /* PBXTargetDependency */,
				BC8A91F728DBA931008B7ADA /* PBXTargetDependency */,
				BC78226A28DF025E001E799D /* PBXTargetDependency */,
			);
			name = "Ancient Greek";
			productName = "Ancient Greek";
			productReference = BCC89AE428704051003830F1 /* Ancient Greek.app */;
			productType = "com.apple.product-type.application";
		};
/* End PBXNativeTarget section */

/* Begin PBXProject section */
		BCC89ADC28704051003830F1 /* Project object */ = {
			isa = PBXProject;
			attributes = {
				BuildIndependentTargetsInParallel = 1;
				LastSwiftUpdateCheck = 1340;
				LastUpgradeCheck = 1340;
				TargetAttributes = {
					BC78226328DF025E001E799D = {
						CreatedOnToolsVersion = 13.4.1;
					};
					BC8A91D628DB8693008B7ADA = {
						CreatedOnToolsVersion = 13.4.1;
					};
					BC8A91F028DBA931008B7ADA = {
						CreatedOnToolsVersion = 13.4.1;
					};
					BCC89AE328704051003830F1 = {
						CreatedOnToolsVersion = 13.4.1;
					};
				};
			};
			buildConfigurationList = BCC89ADF28704051003830F1 /* Build configuration list for PBXProject "Ancient Greek" */;
			compatibilityVersion = "Xcode 13.0";
			developmentRegion = en;
			hasScannedForEncodings = 0;
			knownRegions = (
				en,
				Base,
			);
			mainGroup = BCC89ADB28704051003830F1;
			productRefGroup = BCC89AE528704051003830F1 /* Products */;
			projectDirPath = "";
			projectRoot = "";
			targets = (
				BCC89AE328704051003830F1 /* Ancient Greek */,
				BC8A91D628DB8693008B7ADA /* debug */,
				BC8A91F028DBA931008B7ADA /* complement */,
				BC78226328DF025E001E799D /* fughczfibu */,
			);
		};
/* End PBXProject section */

/* Begin PBXResourcesBuildPhase section */
		BC78226228DF025E001E799D /* Resources */ = {
			isa = PBXResourcesBuildPhase;
			buildActionMask = 2147483647;
			files = (
			);
			runOnlyForDeploymentPostprocessing = 0;
		};
		BC8A91D528DB8693008B7ADA /* Resources */ = {
			isa = PBXResourcesBuildPhase;
			buildActionMask = 2147483647;
			files = (
			);
			runOnlyForDeploymentPostprocessing = 0;
		};
		BC8A91EF28DBA931008B7ADA /* Resources */ = {
			isa = PBXResourcesBuildPhase;
			buildActionMask = 2147483647;
			files = (
			);
			runOnlyForDeploymentPostprocessing = 0;
		};
		BCC89AE228704051003830F1 /* Resources */ = {
			isa = PBXResourcesBuildPhase;
			buildActionMask = 2147483647;
			files = (
				BCC89AEF28704052003830F1 /* Preview Assets.xcassets in Resources */,
				BCC89AEC28704052003830F1 /* Assets.xcassets in Resources */,
			);
			runOnlyForDeploymentPostprocessing = 0;
		};
/* End PBXResourcesBuildPhase section */

/* Begin PBXSourcesBuildPhase section */
		BC78226028DF025E001E799D /* Sources */ = {
			isa = PBXSourcesBuildPhase;
			buildActionMask = 2147483647;
			files = (
				BC78226728DF025E001E799D /* KeyboardViewController.swift in Sources */,
			);
			runOnlyForDeploymentPostprocessing = 0;
		};
		BC8A91D328DB8693008B7ADA /* Sources */ = {
			isa = PBXSourcesBuildPhase;
			buildActionMask = 2147483647;
			files = (
				BC8A91E428DB8726008B7ADA /* Globals.swift in Sources */,
				BC8A91E928DB8726008B7ADA /* InsertTextCallback.swift in Sources */,
				BC8A91EA28DB8726008B7ADA /* KeyView.swift in Sources */,
				BC8A91E828DB8726008B7ADA /* Layouts.swift in Sources */,
				BC8A91E628DB8726008B7ADA /* Colors.swift in Sources */,
				BC78226F28DF126A001E799D /* TogglableUIButtonView.swift in Sources */,
				BC8A91E728DB8726008B7ADA /* KeyboardView.swift in Sources */,
				BC8A91E228DB8726008B7ADA /* Callback.swift in Sources */,
				BC8A91DA28DB8693008B7ADA /* KeyboardViewController.swift in Sources */,
				BC8A91E328DB8726008B7ADA /* KeyboardDelegate.swift in Sources */,
				BC8A91E528DB8726008B7ADA /* KeyboardRow.swift in Sources */,
			);
			runOnlyForDeploymentPostprocessing = 0;
		};
		BC8A91ED28DBA931008B7ADA /* Sources */ = {
			isa = PBXSourcesBuildPhase;
			buildActionMask = 2147483647;
			files = (
				BC8A91FF28DBA941008B7ADA /* Callback.swift in Sources */,
				BC8A91FC28DBA941008B7ADA /* KeyView.swift in Sources */,
				BC8A91FE28DBA941008B7ADA /* KeyboardDelegate.swift in Sources */,
				BC8A920128DBA941008B7ADA /* Colors.swift in Sources */,
				BC8A920028DBA941008B7ADA /* KeyboardView.swift in Sources */,
				BC78227028DF126B001E799D /* TogglableUIButtonView.swift in Sources */,
				BC8A920228DBA941008B7ADA /* KeyboardRow.swift in Sources */,
				BC8A91F428DBA931008B7ADA /* KeyboardViewController.swift in Sources */,
				BC8A920428DBA941008B7ADA /* Layouts.swift in Sources */,
				BC8A91FD28DBA941008B7ADA /* Globals.swift in Sources */,
				BC8A920328DBA941008B7ADA /* InsertTextCallback.swift in Sources */,
			);
			runOnlyForDeploymentPostprocessing = 0;
		};
		BCC89AE028704051003830F1 /* Sources */ = {
			isa = PBXSourcesBuildPhase;
			buildActionMask = 2147483647;
			files = (
				BC78225D28DEF36F001E799D /* InputView.swift in Sources */,
				BC8A91BC28D627DC008B7ADA /* Colors.swift in Sources */,
				BC8A91C828D8F761008B7ADA /* Layouts.swift in Sources */,
				BC8A91BE28D644A6008B7ADA /* Globals.swift in Sources */,
				BC8A91D028D8FE87008B7ADA /* InsertTextCallback.swift in Sources */,
				BC8A91CD28D8FCAA008B7ADA /* KeyboardDelegate.swift in Sources */,
				BC9A8AC42873705D006C2597 /* KeyboardView.swift in Sources */,
				BC8A91CB28D8FAF8008B7ADA /* Callback.swift in Sources */,
				BC8A91C428D71E78008B7ADA /* KeyView.swift in Sources */,
				BCC89AEA28704051003830F1 /* ContentView.swift in Sources */,
				BC8A91C628D723FE008B7ADA /* KeyboardRow.swift in Sources */,
				BC78225F28DEF575001E799D /* TogglableUIButtonView.swift in Sources */,
				BCC89AE828704051003830F1 /* AncientGreekApp.swift in Sources */,
			);
			runOnlyForDeploymentPostprocessing = 0;
		};
/* End PBXSourcesBuildPhase section */

/* Begin PBXTargetDependency section */
		BC78226A28DF025E001E799D /* PBXTargetDependency */ = {
			isa = PBXTargetDependency;
			target = BC78226328DF025E001E799D /* fughczfibu */;
			targetProxy = BC78226928DF025E001E799D /* PBXContainerItemProxy */;
		};
		BC8A91DD28DB8693008B7ADA /* PBXTargetDependency */ = {
			isa = PBXTargetDependency;
			target = BC8A91D628DB8693008B7ADA /* debug */;
			targetProxy = BC8A91DC28DB8693008B7ADA /* PBXContainerItemProxy */;
		};
		BC8A91F728DBA931008B7ADA /* PBXTargetDependency */ = {
			isa = PBXTargetDependency;
			target = BC8A91F028DBA931008B7ADA /* complement */;
			targetProxy = BC8A91F628DBA931008B7ADA /* PBXContainerItemProxy */;
		};
/* End PBXTargetDependency section */

/* Begin XCBuildConfiguration section */
		BC78226D28DF025E001E799D /* Debug */ = {
			isa = XCBuildConfiguration;
			buildSettings = {
				CODE_SIGN_STYLE = Automatic;
				CURRENT_PROJECT_VERSION = 1;
				GENERATE_INFOPLIST_FILE = YES;
				INFOPLIST_FILE = fughczfibu/Info.plist;
				INFOPLIST_KEY_CFBundleDisplayName = fughczfibu;
				INFOPLIST_KEY_NSHumanReadableCopyright = "";
				LD_RUNPATH_SEARCH_PATHS = (
					"$(inherited)",
					"@executable_path/Frameworks",
					"@executable_path/../../Frameworks",
				);
				MARKETING_VERSION = 1.0;
				PRODUCT_BUNDLE_IDENTIFIER = "quentin-soubeyran.Ancient-Greek.fughczfibu";
				PRODUCT_NAME = "$(TARGET_NAME)";
				SKIP_INSTALL = YES;
				SWIFT_EMIT_LOC_STRINGS = YES;
				SWIFT_VERSION = 5.0;
				TARGETED_DEVICE_FAMILY = "1,2";
			};
			name = Debug;
		};
		BC78226E28DF025E001E799D /* Release */ = {
			isa = XCBuildConfiguration;
			buildSettings = {
				CODE_SIGN_STYLE = Automatic;
				CURRENT_PROJECT_VERSION = 1;
				GENERATE_INFOPLIST_FILE = YES;
				INFOPLIST_FILE = fughczfibu/Info.plist;
				INFOPLIST_KEY_CFBundleDisplayName = fughczfibu;
				INFOPLIST_KEY_NSHumanReadableCopyright = "";
				LD_RUNPATH_SEARCH_PATHS = (
					"$(inherited)",
					"@executable_path/Frameworks",
					"@executable_path/../../Frameworks",
				);
				MARKETING_VERSION = 1.0;
				PRODUCT_BUNDLE_IDENTIFIER = "quentin-soubeyran.Ancient-Greek.fughczfibu";
				PRODUCT_NAME = "$(TARGET_NAME)";
				SKIP_INSTALL = YES;
				SWIFT_EMIT_LOC_STRINGS = YES;
				SWIFT_VERSION = 5.0;
				TARGETED_DEVICE_FAMILY = "1,2";
			};
			name = Release;
		};
		BC8A91E028DB8693008B7ADA /* Debug */ = {
			isa = XCBuildConfiguration;
			buildSettings = {
				CODE_SIGN_STYLE = Automatic;
				CURRENT_PROJECT_VERSION = 1;
				GENERATE_INFOPLIST_FILE = YES;
				INFOPLIST_FILE = debug/Info.plist;
				INFOPLIST_KEY_CFBundleDisplayName = debug;
				INFOPLIST_KEY_NSHumanReadableCopyright = "";
				LD_RUNPATH_SEARCH_PATHS = (
					"$(inherited)",
					"@executable_path/Frameworks",
					"@executable_path/../../Frameworks",
				);
				MARKETING_VERSION = 1.0;
				PRODUCT_BUNDLE_IDENTIFIER = "quentin-soubeyran.Ancient-Greek.debug";
				PRODUCT_NAME = "$(TARGET_NAME)";
				SKIP_INSTALL = YES;
				SWIFT_EMIT_LOC_STRINGS = YES;
				SWIFT_VERSION = 5.0;
				TARGETED_DEVICE_FAMILY = "1,2";
			};
			name = Debug;
		};
		BC8A91E128DB8693008B7ADA /* Release */ = {
			isa = XCBuildConfiguration;
			buildSettings = {
				CODE_SIGN_STYLE = Automatic;
				CURRENT_PROJECT_VERSION = 1;
				GENERATE_INFOPLIST_FILE = YES;
				INFOPLIST_FILE = debug/Info.plist;
				INFOPLIST_KEY_CFBundleDisplayName = debug;
				INFOPLIST_KEY_NSHumanReadableCopyright = "";
				LD_RUNPATH_SEARCH_PATHS = (
					"$(inherited)",
					"@executable_path/Frameworks",
					"@executable_path/../../Frameworks",
				);
				MARKETING_VERSION = 1.0;
				PRODUCT_BUNDLE_IDENTIFIER = "quentin-soubeyran.Ancient-Greek.debug";
				PRODUCT_NAME = "$(TARGET_NAME)";
				SKIP_INSTALL = YES;
				SWIFT_EMIT_LOC_STRINGS = YES;
				SWIFT_VERSION = 5.0;
				TARGETED_DEVICE_FAMILY = "1,2";
			};
			name = Release;
		};
		BC8A91FA28DBA931008B7ADA /* Debug */ = {
			isa = XCBuildConfiguration;
			buildSettings = {
				CODE_SIGN_STYLE = Automatic;
				CURRENT_PROJECT_VERSION = 1;
				GENERATE_INFOPLIST_FILE = YES;
				INFOPLIST_FILE = complement/Info.plist;
				INFOPLIST_KEY_CFBundleDisplayName = complement;
				INFOPLIST_KEY_NSHumanReadableCopyright = "";
				LD_RUNPATH_SEARCH_PATHS = (
					"$(inherited)",
					"@executable_path/Frameworks",
					"@executable_path/../../Frameworks",
				);
				MARKETING_VERSION = 1.0;
				PRODUCT_BUNDLE_IDENTIFIER = "quentin-soubeyran.Ancient-Greek.complement";
				PRODUCT_NAME = "$(TARGET_NAME)";
				SKIP_INSTALL = YES;
				SWIFT_EMIT_LOC_STRINGS = YES;
				SWIFT_VERSION = 5.0;
				TARGETED_DEVICE_FAMILY = "1,2";
			};
			name = Debug;
		};
		BC8A91FB28DBA931008B7ADA /* Release */ = {
			isa = XCBuildConfiguration;
			buildSettings = {
				CODE_SIGN_STYLE = Automatic;
				CURRENT_PROJECT_VERSION = 1;
				GENERATE_INFOPLIST_FILE = YES;
				INFOPLIST_FILE = complement/Info.plist;
				INFOPLIST_KEY_CFBundleDisplayName = complement;
				INFOPLIST_KEY_NSHumanReadableCopyright = "";
				LD_RUNPATH_SEARCH_PATHS = (
					"$(inherited)",
					"@executable_path/Frameworks",
					"@executable_path/../../Frameworks",
				);
				MARKETING_VERSION = 1.0;
				PRODUCT_BUNDLE_IDENTIFIER = "quentin-soubeyran.Ancient-Greek.complement";
				PRODUCT_NAME = "$(TARGET_NAME)";
				SKIP_INSTALL = YES;
				SWIFT_EMIT_LOC_STRINGS = YES;
				SWIFT_VERSION = 5.0;
				TARGETED_DEVICE_FAMILY = "1,2";
			};
			name = Release;
		};
		BCC89B0628704053003830F1 /* Debug */ = {
			isa = XCBuildConfiguration;
			buildSettings = {
				ALWAYS_SEARCH_USER_PATHS = NO;
				CLANG_ANALYZER_NONNULL = YES;
				CLANG_ANALYZER_NUMBER_OBJECT_CONVERSION = YES_AGGRESSIVE;
				CLANG_CXX_LANGUAGE_STANDARD = "gnu++17";
				CLANG_ENABLE_MODULES = YES;
				CLANG_ENABLE_OBJC_ARC = YES;
				CLANG_ENABLE_OBJC_WEAK = YES;
				CLANG_WARN_BLOCK_CAPTURE_AUTORELEASING = YES;
				CLANG_WARN_BOOL_CONVERSION = YES;
				CLANG_WARN_COMMA = YES;
				CLANG_WARN_CONSTANT_CONVERSION = YES;
				CLANG_WARN_DEPRECATED_OBJC_IMPLEMENTATIONS = YES;
				CLANG_WARN_DIRECT_OBJC_ISA_USAGE = YES_ERROR;
				CLANG_WARN_DOCUMENTATION_COMMENTS = YES;
				CLANG_WARN_EMPTY_BODY = YES;
				CLANG_WARN_ENUM_CONVERSION = YES;
				CLANG_WARN_INFINITE_RECURSION = YES;
				CLANG_WARN_INT_CONVERSION = YES;
				CLANG_WARN_NON_LITERAL_NULL_CONVERSION = YES;
				CLANG_WARN_OBJC_IMPLICIT_RETAIN_SELF = YES;
				CLANG_WARN_OBJC_LITERAL_CONVERSION = YES;
				CLANG_WARN_OBJC_ROOT_CLASS = YES_ERROR;
				CLANG_WARN_QUOTED_INCLUDE_IN_FRAMEWORK_HEADER = YES;
				CLANG_WARN_RANGE_LOOP_ANALYSIS = YES;
				CLANG_WARN_STRICT_PROTOTYPES = YES;
				CLANG_WARN_SUSPICIOUS_MOVE = YES;
				CLANG_WARN_UNGUARDED_AVAILABILITY = YES_AGGRESSIVE;
				CLANG_WARN_UNREACHABLE_CODE = YES;
				CLANG_WARN__DUPLICATE_METHOD_MATCH = YES;
				COPY_PHASE_STRIP = NO;
				DEBUG_INFORMATION_FORMAT = dwarf;
				ENABLE_STRICT_OBJC_MSGSEND = YES;
				ENABLE_TESTABILITY = YES;
				GCC_C_LANGUAGE_STANDARD = gnu11;
				GCC_DYNAMIC_NO_PIC = NO;
				GCC_NO_COMMON_BLOCKS = YES;
				GCC_OPTIMIZATION_LEVEL = 0;
				GCC_PREPROCESSOR_DEFINITIONS = (
					"DEBUG=1",
					"$(inherited)",
				);
				GCC_WARN_64_TO_32_BIT_CONVERSION = YES;
				GCC_WARN_ABOUT_RETURN_TYPE = YES_ERROR;
				GCC_WARN_UNDECLARED_SELECTOR = YES;
				GCC_WARN_UNINITIALIZED_AUTOS = YES_AGGRESSIVE;
				GCC_WARN_UNUSED_FUNCTION = YES;
				GCC_WARN_UNUSED_VARIABLE = YES;
				IPHONEOS_DEPLOYMENT_TARGET = 15.5;
				MTL_ENABLE_DEBUG_INFO = INCLUDE_SOURCE;
				MTL_FAST_MATH = YES;
				ONLY_ACTIVE_ARCH = YES;
				SDKROOT = iphoneos;
				SWIFT_ACTIVE_COMPILATION_CONDITIONS = DEBUG;
				SWIFT_OPTIMIZATION_LEVEL = "-Onone";
			};
			name = Debug;
		};
		BCC89B0728704053003830F1 /* Release */ = {
			isa = XCBuildConfiguration;
			buildSettings = {
				ALWAYS_SEARCH_USER_PATHS = NO;
				CLANG_ANALYZER_NONNULL = YES;
				CLANG_ANALYZER_NUMBER_OBJECT_CONVERSION = YES_AGGRESSIVE;
				CLANG_CXX_LANGUAGE_STANDARD = "gnu++17";
				CLANG_ENABLE_MODULES = YES;
				CLANG_ENABLE_OBJC_ARC = YES;
				CLANG_ENABLE_OBJC_WEAK = YES;
				CLANG_WARN_BLOCK_CAPTURE_AUTORELEASING = YES;
				CLANG_WARN_BOOL_CONVERSION = YES;
				CLANG_WARN_COMMA = YES;
				CLANG_WARN_CONSTANT_CONVERSION = YES;
				CLANG_WARN_DEPRECATED_OBJC_IMPLEMENTATIONS = YES;
				CLANG_WARN_DIRECT_OBJC_ISA_USAGE = YES_ERROR;
				CLANG_WARN_DOCUMENTATION_COMMENTS = YES;
				CLANG_WARN_EMPTY_BODY = YES;
				CLANG_WARN_ENUM_CONVERSION = YES;
				CLANG_WARN_INFINITE_RECURSION = YES;
				CLANG_WARN_INT_CONVERSION = YES;
				CLANG_WARN_NON_LITERAL_NULL_CONVERSION = YES;
				CLANG_WARN_OBJC_IMPLICIT_RETAIN_SELF = YES;
				CLANG_WARN_OBJC_LITERAL_CONVERSION = YES;
				CLANG_WARN_OBJC_ROOT_CLASS = YES_ERROR;
				CLANG_WARN_QUOTED_INCLUDE_IN_FRAMEWORK_HEADER = YES;
				CLANG_WARN_RANGE_LOOP_ANALYSIS = YES;
				CLANG_WARN_STRICT_PROTOTYPES = YES;
				CLANG_WARN_SUSPICIOUS_MOVE = YES;
				CLANG_WARN_UNGUARDED_AVAILABILITY = YES_AGGRESSIVE;
				CLANG_WARN_UNREACHABLE_CODE = YES;
				CLANG_WARN__DUPLICATE_METHOD_MATCH = YES;
				COPY_PHASE_STRIP = NO;
				DEBUG_INFORMATION_FORMAT = "dwarf-with-dsym";
				ENABLE_NS_ASSERTIONS = NO;
				ENABLE_STRICT_OBJC_MSGSEND = YES;
				GCC_C_LANGUAGE_STANDARD = gnu11;
				GCC_NO_COMMON_BLOCKS = YES;
				GCC_WARN_64_TO_32_BIT_CONVERSION = YES;
				GCC_WARN_ABOUT_RETURN_TYPE = YES_ERROR;
				GCC_WARN_UNDECLARED_SELECTOR = YES;
				GCC_WARN_UNINITIALIZED_AUTOS = YES_AGGRESSIVE;
				GCC_WARN_UNUSED_FUNCTION = YES;
				GCC_WARN_UNUSED_VARIABLE = YES;
				IPHONEOS_DEPLOYMENT_TARGET = 15.5;
				MTL_ENABLE_DEBUG_INFO = NO;
				MTL_FAST_MATH = YES;
				SDKROOT = iphoneos;
				SWIFT_COMPILATION_MODE = wholemodule;
				SWIFT_OPTIMIZATION_LEVEL = "-O";
				VALIDATE_PRODUCT = YES;
			};
			name = Release;
		};
		BCC89B0928704053003830F1 /* Debug */ = {
			isa = XCBuildConfiguration;
			buildSettings = {
				ALWAYS_EMBED_SWIFT_STANDARD_LIBRARIES = YES;
				ASSETCATALOG_COMPILER_APPICON_NAME = AppIcon;
				ASSETCATALOG_COMPILER_GLOBAL_ACCENT_COLOR_NAME = AccentColor;
				CODE_SIGN_STYLE = Automatic;
				CURRENT_PROJECT_VERSION = 1;
				DEVELOPMENT_ASSET_PATHS = "\"Ancient Greek/Preview Content\"";
				ENABLE_PREVIEWS = YES;
				GENERATE_INFOPLIST_FILE = YES;
				INFOPLIST_KEY_UIApplicationSceneManifest_Generation = YES;
				INFOPLIST_KEY_UIApplicationSupportsIndirectInputEvents = YES;
				INFOPLIST_KEY_UILaunchScreen_Generation = YES;
				INFOPLIST_KEY_UISupportedInterfaceOrientations_iPad = "UIInterfaceOrientationPortrait UIInterfaceOrientationPortraitUpsideDown UIInterfaceOrientationLandscapeLeft UIInterfaceOrientationLandscapeRight";
				INFOPLIST_KEY_UISupportedInterfaceOrientations_iPhone = "UIInterfaceOrientationPortrait UIInterfaceOrientationLandscapeLeft UIInterfaceOrientationLandscapeRight";
				LD_RUNPATH_SEARCH_PATHS = (
					"$(inherited)",
					"@executable_path/Frameworks",
				);
				MARKETING_VERSION = 1.0;
				PRODUCT_BUNDLE_IDENTIFIER = "quentin-soubeyran.Ancient-Greek";
				PRODUCT_NAME = "$(TARGET_NAME)";
				SWIFT_EMIT_LOC_STRINGS = YES;
				SWIFT_VERSION = 5.0;
				TARGETED_DEVICE_FAMILY = "1,2";
			};
			name = Debug;
		};
		BCC89B0A28704053003830F1 /* Release */ = {
			isa = XCBuildConfiguration;
			buildSettings = {
				ALWAYS_EMBED_SWIFT_STANDARD_LIBRARIES = YES;
				ASSETCATALOG_COMPILER_APPICON_NAME = AppIcon;
				ASSETCATALOG_COMPILER_GLOBAL_ACCENT_COLOR_NAME = AccentColor;
				CODE_SIGN_STYLE = Automatic;
				CURRENT_PROJECT_VERSION = 1;
				DEVELOPMENT_ASSET_PATHS = "\"Ancient Greek/Preview Content\"";
				ENABLE_PREVIEWS = YES;
				GENERATE_INFOPLIST_FILE = YES;
				INFOPLIST_KEY_UIApplicationSceneManifest_Generation = YES;
				INFOPLIST_KEY_UIApplicationSupportsIndirectInputEvents = YES;
				INFOPLIST_KEY_UILaunchScreen_Generation = YES;
				INFOPLIST_KEY_UISupportedInterfaceOrientations_iPad = "UIInterfaceOrientationPortrait UIInterfaceOrientationPortraitUpsideDown UIInterfaceOrientationLandscapeLeft UIInterfaceOrientationLandscapeRight";
				INFOPLIST_KEY_UISupportedInterfaceOrientations_iPhone = "UIInterfaceOrientationPortrait UIInterfaceOrientationLandscapeLeft UIInterfaceOrientationLandscapeRight";
				LD_RUNPATH_SEARCH_PATHS = (
					"$(inherited)",
					"@executable_path/Frameworks",
				);
				MARKETING_VERSION = 1.0;
				PRODUCT_BUNDLE_IDENTIFIER = "quentin-soubeyran.Ancient-Greek";
				PRODUCT_NAME = "$(TARGET_NAME)";
				SWIFT_EMIT_LOC_STRINGS = YES;
				SWIFT_VERSION = 5.0;
				TARGETED_DEVICE_FAMILY = "1,2";
			};
			name = Release;
		};
/* End XCBuildConfiguration section */

/* Begin XCConfigurationList section */
		BC78226C28DF025E001E799D /* Build configuration list for PBXNativeTarget "fughczfibu" */ = {
			isa = XCConfigurationList;
			buildConfigurations = (
				BC78226D28DF025E001E799D /* Debug */,
				BC78226E28DF025E001E799D /* Release */,
			);
			defaultConfigurationIsVisible = 0;
			defaultConfigurationName = Release;
		};
		BC8A91DF28DB8693008B7ADA /* Build configuration list for PBXNativeTarget "debug" */ = {
			isa = XCConfigurationList;
			buildConfigurations = (
				BC8A91E028DB8693008B7ADA /* Debug */,
				BC8A91E128DB8693008B7ADA /* Release */,
			);
			defaultConfigurationIsVisible = 0;
			defaultConfigurationName = Release;
		};
		BC8A91F928DBA931008B7ADA /* Build configuration list for PBXNativeTarget "complement" */ = {
			isa = XCConfigurationList;
			buildConfigurations = (
				BC8A91FA28DBA931008B7ADA /* Debug */,
				BC8A91FB28DBA931008B7ADA /* Release */,
			);
			defaultConfigurationIsVisible = 0;
			defaultConfigurationName = Release;
		};
		BCC89ADF28704051003830F1 /* Build configuration list for PBXProject "Ancient Greek" */ = {
			isa = XCConfigurationList;
			buildConfigurations = (
				BCC89B0628704053003830F1 /* Debug */,
				BCC89B0728704053003830F1 /* Release */,
			);
			defaultConfigurationIsVisible = 0;
			defaultConfigurationName = Release;
		};
		BCC89B0828704053003830F1 /* Build configuration list for PBXNativeTarget "Ancient Greek" */ = {
			isa = XCConfigurationList;
			buildConfigurations = (
				BCC89B0928704053003830F1 /* Debug */,
				BCC89B0A28704053003830F1 /* Release */,
			);
			defaultConfigurationIsVisible = 0;
			defaultConfigurationName = Release;
		};
/* End XCConfigurationList section */
	};
	rootObject = BCC89ADC28704051003830F1 /* Project object */;
}
